{
	"name": "@deepkit/ui-library",
	"version": "1.0.1-alpha.56",
	"lockfileVersion": 1,
	"requires": true,
	"dependencies": {
		"@angular/common": {
			"version": "12.2.3",
			"resolved": "https://registry.npmjs.org/@angular/common/-/common-12.2.3.tgz",
			"integrity": "sha512-AkOeknm35kzLqqh5dIz1143e3Q1MjWgi7THlY3StY63yphseQUUvGQSNHkDSIpfwBN8Mt+ZykKFjhY+cNFYt7w==",
			"dev": true,
			"requires": {
				"tslib": "^2.2.0"
			},
			"dependencies": {
				"tslib": {
					"version": "2.3.1",
					"resolved": "https://registry.npmjs.org/tslib/-/tslib-2.3.1.tgz",
					"integrity": "sha512-77EbyPPpMz+FRFRuAFlWMtmgUWGe9UOG2Z25NqCwiIjRhOf5iKGuzSe5P2w1laq+FkRy4p+PCuVkJSGkzTEKVw==",
					"dev": true
				}
			}
		},
		"@angular/core": {
			"version": "12.2.3",
			"resolved": "https://registry.npmjs.org/@angular/core/-/core-12.2.3.tgz",
			"integrity": "sha512-gv3FJPiwDKugySzPepBzXrbr8HxeK2enotEmducNv3IdtGZPS0/qrbDVt7W0woRt7BGAeWaZKEaPoFzMZeEbCw==",
			"dev": true,
			"requires": {
				"tslib": "^2.2.0"
			},
			"dependencies": {
				"tslib": {
					"version": "2.3.1",
					"resolved": "https://registry.npmjs.org/tslib/-/tslib-2.3.1.tgz",
					"integrity": "sha512-77EbyPPpMz+FRFRuAFlWMtmgUWGe9UOG2Z25NqCwiIjRhOf5iKGuzSe5P2w1laq+FkRy4p+PCuVkJSGkzTEKVw==",
					"dev": true
				}
			}
		},
		"@deepkit/core": {
			"version": "1.0.1-alpha.97",
			"resolved": "https://registry.npmjs.org/@deepkit/core/-/core-1.0.1-alpha.97.tgz",
			"integrity": "sha512-SrG9m43w+fJhiFH4wxyc6QNruFxJaqiGpT+QAncqR0dDvd+5QUCLwD2mGiKkNJoFh2lo+p3rtYhnZ0exny8emw==",
			"dev": true,
			"requires": {
				"dot-prop": "^5.1.1",
				"to-fast-properties": "^3.0.1"
			}
		},
		"@deepkit/desktop-ui": {
			"version": "1.0.1-alpha.97",
			"resolved": "https://registry.npmjs.org/@deepkit/desktop-ui/-/desktop-ui-1.0.1-alpha.97.tgz",
			"integrity": "sha512-GAmjawsw6iEJv9ak0C5hKscfnX+8dAEjSq+DN/XCiT9PKFV5UKVQMJ/Icb+CR/YJ+9mPuFZR2Qbwzw6hFZsq/A==",
			"dev": true,
			"requires": {
				"@types/hammerjs": "^2.0.36",
				"hammerjs": "^2.0.8",
				"on-change": "^4.0.2",
				"path": "^0.12.7",
				"tslib": "^2.0.0"
			},
			"dependencies": {
				"tslib": {
					"version": "2.6.1",
					"resolved": "https://registry.npmjs.org/tslib/-/tslib-2.6.1.tgz",
					"integrity": "sha512-t0hLfiEKfMUoqhG+U1oid7Pva4bbDPHYfJNiB7BiIjRkj1pyC++4N3huJfqY6aRH6VTB0rvtzQwjM4K6qpfOig==",
					"dev": true
				}
			}
		},
		"@deepkit/rpc": {
			"version": "1.0.1-alpha.97",
			"resolved": "https://registry.npmjs.org/@deepkit/rpc/-/rpc-1.0.1-alpha.97.tgz",
			"integrity": "sha512-ffC9uC1gteNKvj7CBO9Q1x3xF9HIoDfFBVtNbF4t3nvOLTY5Tdb+7p4K5g5XGTtkHcVcaoqkqO/eyAsUyyse9w==",
			"dev": true,
			"requires": {
				"dot-prop": "^5.1.1"
			}
		},
		"@deepkit/type": {
			"version": "1.0.1-alpha.97",
			"resolved": "https://registry.npmjs.org/@deepkit/type/-/type-1.0.1-alpha.97.tgz",
			"integrity": "sha512-fnMrhMVYANyZ8zrKEj7KnJMTl2WhXKza9dh9s0Mtgcowd73YSJyEdvFkBKcabmHbvlbHFkAHv8KAvYifvWbGvw==",
			"dev": true,
			"requires": {
				"@deepkit/type-spec": "^1.0.1-alpha.93",
				"@types/uuid": "^8.3.0",
				"buffer": "^5.2.1",
				"uuid": "^8.3.2"
			}
		},
		"@deepkit/type-spec": {
			"version": "1.0.1-alpha.93",
			"resolved": "https://registry.npmjs.org/@deepkit/type-spec/-/type-spec-1.0.1-alpha.93.tgz",
			"integrity": "sha512-ZJHq0tOCYW0pDZ4Ab3RLQiFvDCTD2Dur+af4I0kmtT23slz+WWMNehJF08lO4DUDyOO0f0DlLLCqO39GhY3J4Q==",
			"dev": true
		},
		"@types/hammerjs": {
			"version": "2.0.41",
			"resolved": "https://registry.npmjs.org/@types/hammerjs/-/hammerjs-2.0.41.tgz",
			"integrity": "sha512-ewXv/ceBaJprikMcxCmWU1FKyMAQ2X7a9Gtmzw8fcg2kIePI1crERDM818W+XYrxqdBBOdlf2rm137bU+BltCA==",
			"dev": true
		},
		"@types/uuid": {
			"version": "8.3.4",
			"resolved": "https://registry.npmjs.org/@types/uuid/-/uuid-8.3.4.tgz",
			"integrity": "sha512-c/I8ZRb51j+pYGAu5CrFMRxqZ2ke4y2grEBO5AUjgSkSk+qT2Ea+OdWElz/OiMf5MNpn2b17kuVBwZLQJXzihw==",
			"dev": true
		},
		"base64-js": {
			"version": "1.5.1",
			"resolved": "https://registry.npmjs.org/base64-js/-/base64-js-1.5.1.tgz",
			"integrity": "sha512-AKpaYlHn8t4SVbOHCy+b5+KKgvR4vrsD8vbvrbiQJps7fKDTkjkDry6ji0rUJjC0kzbNePLwzxq8iypo41qeWA==",
			"dev": true
		},
		"buffer": {
			"version": "5.7.1",
			"resolved": "https://registry.npmjs.org/buffer/-/buffer-5.7.1.tgz",
			"integrity": "sha512-EHcyIPBQ4BSGlvjB16k5KgAJ27CIsHY/2JBmCRReo48y9rQ3MaUzWX3KVlBa4U7MyX02HdVj0K7C3WaB3ju7FQ==",
			"dev": true,
			"requires": {
				"base64-js": "^1.3.1",
				"ieee754": "^1.1.13"
			}
		},
		"dot-prop": {
			"version": "5.3.0",
			"resolved": "https://registry.npmjs.org/dot-prop/-/dot-prop-5.3.0.tgz",
			"integrity": "sha512-QM8q3zDe58hqUqjraQOmzZ1LIH9SWQJTlEKCH4kJ2oQvLZk7RbQXvtDM2XEq3fwkV9CCvvH4LA0AV+ogFsBM2Q==",
			"dev": true,
			"requires": {
				"is-obj": "^2.0.0"
			}
		},
		"hammerjs": {
			"version": "2.0.8",
			"resolved": "https://registry.npmjs.org/hammerjs/-/hammerjs-2.0.8.tgz",
			"integrity": "sha512-tSQXBXS/MWQOn/RKckawJ61vvsDpCom87JgxiYdGwHdOa0ht0vzUWDlfioofFCRU0L+6NGDt6XzbgoJvZkMeRQ==",
			"dev": true
		},
		"ieee754": {
			"version": "1.2.1",
			"resolved": "https://registry.npmjs.org/ieee754/-/ieee754-1.2.1.tgz",
			"integrity": "sha512-dcyqhDvX1C46lXZcVqCpK+FtMRQVdIMN6/Df5js2zouUsqG7I6sFxitIC+7KYK29KdXOLHdu9zL4sFnoVQnqaA==",
			"dev": true
		},
		"inherits": {
			"version": "2.0.3",
			"resolved": "https://registry.npmjs.org/inherits/-/inherits-2.0.3.tgz",
			"integrity": "sha512-x00IRNXNy63jwGkJmzPigoySHbaqpNuzKbBOmzK+g2OdZpQ9w+sxCN+VSB3ja7IAge2OP2qpfxTjeNcyjmW1uw==",
			"dev": true
		},
		"is-obj": {
			"version": "2.0.0",
			"resolved": "https://registry.npmjs.org/is-obj/-/is-obj-2.0.0.tgz",
			"integrity": "sha512-drqDG3cbczxxEJRoOXcOjtdp1J/lyp1mNn0xaznRs8+muBhgQcrnbspox5X5fOw0HnMnbfDzvnEMEtqDEJEo8w==",
			"dev": true
		},
		"on-change": {
			"version": "4.0.2",
			"resolved": "https://registry.npmjs.org/on-change/-/on-change-4.0.2.tgz",
			"integrity": "sha512-cMtCyuJmTx/bg2HCpHo3ZLeF7FZnBOapLqZHr2AlLeJ5Ul0Zu2mUJJz051Fdwu/Et2YW04ZD+TtU+gVy0ACNCA==",
			"dev": true
		},
		"path": {
			"version": "0.12.7",
			"resolved": "https://registry.npmjs.org/path/-/path-0.12.7.tgz",
			"integrity": "sha512-aXXC6s+1w7otVF9UletFkFcDsJeO7lSZBPUQhtb5O0xJe8LtYhj/GxldoL09bBj9+ZmE2hNoHqQSFMN5fikh4Q==",
			"dev": true,
			"requires": {
				"process": "^0.11.1",
				"util": "^0.10.3"
			}
		},
		"prismjs": {
			"version": "1.27.0",
			"resolved": "https://registry.npmjs.org/prismjs/-/prismjs-1.27.0.tgz",
			"integrity": "sha512-t13BGPUlFDR7wRB5kQDG4jjl7XeuH6jbJGt11JHPL96qwsEHNX2+68tFXqc1/k+/jALsbSWJKUOT/hcYAZ5LkA=="
		},
		"process": {
			"version": "0.11.10",
			"resolved": "https://registry.npmjs.org/process/-/process-0.11.10.tgz",
			"integrity": "sha512-cdGef/drWFoydD1JsMzuFf8100nZl+GT+yacc2bEced5f9Rjk4z+WtFUTBu9PhOi9j/jfmBPu0mMEY4wIdAF8A==",
			"dev": true
		},
		"rxjs": {
			"version": "6.6.7",
			"resolved": "https://registry.npmjs.org/rxjs/-/rxjs-6.6.7.tgz",
			"integrity": "sha512-hTdwr+7yYNIT5n4AMYp85KA6yw2Va0FLa3Rguvbpa4W3I5xynaBZo41cM3XM+4Q6fRMj3sBYIR1VAmZMXYJvRQ==",
			"dev": true,
			"requires": {
				"tslib": "^1.9.0"
			}
		},
		"to-fast-properties": {
			"version": "3.0.1",
			"resolved": "https://registry.npmjs.org/to-fast-properties/-/to-fast-properties-3.0.1.tgz",
			"integrity": "sha512-/wtNi1tW1F3nf0OL6AqVxGw9Tr1ET70InMhJuVxPwFdGqparF0nQ4UWGLf2DsoI2bFDtthlBnALncZpUzOnsUw==",
			"dev": true
		},
		"tslib": {
			"version": "1.14.1",
			"resolved": "https://registry.npmjs.org/tslib/-/tslib-1.14.1.tgz",
			"integrity": "sha512-Xni35NKzjgMrwevysHTCArtLDpPvye8zV/0E4EyYn43P7/7qvQwPh9BGkHewbMulVntbigmcT7rdX3BNo9wRJg==",
			"dev": true
		},
		"util": {
			"version": "0.10.4",
			"resolved": "https://registry.npmjs.org/util/-/util-0.10.4.tgz",
			"integrity": "sha512-0Pm9hTQ3se5ll1XihRic3FDIku70C+iHUdT/W926rSgHV5QgXsYbKZN8MSC3tJtSkhuROzvsQjAaFENRXr+19A==",
			"dev": true,
			"requires": {
				"inherits": "2.0.3"
			}
		},
		"uuid": {
			"version": "8.3.2",
			"resolved": "https://registry.npmjs.org/uuid/-/uuid-8.3.2.tgz",
			"integrity": "sha512-+NYs2QeMWy+GWFOEm9xnn6HCDp0l7QBD7ml8zLUmJ+93Q5NF0NocErnwkTkXVFNiX3/fpC6afS8Dhb/gz7R7eg==",
			"dev": true
		}
	}
}
